
Microsoft Visual Studio Solution File, Format Version 12.00
# Visual Studio Version 16
VisualStudioVersion = 16.0.31129.286
MinimumVisualStudioVersion = 10.0.40219.1
Project("{FAE04EC0-301F-11D3-BF4B-00C04F79EFBC}") = "UI.Desktop", "UI.Desktop\UI.Desktop.csproj", "{D65F17F9-6FF0-440C-B039-9A2AEF70A0F1}"
EndProject
Project("{FAE04EC0-301F-11D3-BF4B-00C04F79EFBC}") = "Business.Logic", "Business.Logic\Business.Logic.csproj", "{DC8D5760-DF18-4E50-BB27-7E5575106D60}"
EndProject
Project("{FAE04EC0-301F-11D3-BF4B-00C04F79EFBC}") = "UI.Web", "UI.Web\UI.Web.csproj", "{263EE777-C2AC-40B6-B378-CB4028FAFBFB}"
EndProject
Project("{FAE04EC0-301F-11D3-BF4B-00C04F79EFBC}") = "Business.Entities", "Business.Entities\Business.Entities.csproj", "{FDBC6E4E-DA12-4171-9BA2-DEDCAD1824C9}"
EndProject
Project("{FAE04EC0-301F-11D3-BF4B-00C04F79EFBC}") = "Util", "Util\Util.csproj", "{4C8C9E76-8048-4601-868C-CAD99BE5E9E9}"
EndProject
Project("{FAE04EC0-301F-11D3-BF4B-00C04F79EFBC}") = "Data.Database", "Data.Database\Data.Database\Data.Database.csproj", "{18D1C50F-58E0-4D94-B05B-4A95A146E6BB}"
EndProject
Project("{FAE04EC0-301F-11D3-BF4B-00C04F79EFBC}") = "UI.Consola", "UI.Consola\UI.Consola.csproj", "{4F92627B-CEE4-4500-9708-4289BE266E56}"
EndProject
Project("{FAE04EC0-301F-11D3-BF4B-00C04F79EFBC}") = "LabGrilla", "LabGrilla\LabGrilla.csproj", "{CBA5172C-0E62-47EE-8DDF-3DA4BA5D4EAF}"
EndProject
Global
	GlobalSection(SolutionConfigurationPlatforms) = preSolution
		Debug|Any CPU = Debug|Any CPU
		Release|Any CPU = Release|Any CPU
	EndGlobalSection
	GlobalSection(ProjectConfigurationPlatforms) = postSolution
		{D65F17F9-6FF0-440C-B039-9A2AEF70A0F1}.Debug|Any CPU.ActiveCfg = Debug|Any CPU
		{D65F17F9-6FF0-440C-B039-9A2AEF70A0F1}.Debug|Any CPU.Build.0 = Debug|Any CPU
		{D65F17F9-6FF0-440C-B039-9A2AEF70A0F1}.Release|Any CPU.ActiveCfg = Release|Any CPU
		{D65F17F9-6FF0-440C-B039-9A2AEF70A0F1}.Release|Any CPU.Build.0 = Release|Any CPU
		{DC8D5760-DF18-4E50-BB27-7E5575106D60}.Debug|Any CPU.ActiveCfg = Debug|Any CPU
		{DC8D5760-DF18-4E50-BB27-7E5575106D60}.Debug|Any CPU.Build.0 = Debug|Any CPU
		{DC8D5760-DF18-4E50-BB27-7E5575106D60}.Release|Any CPU.ActiveCfg = Release|Any CPU
		{DC8D5760-DF18-4E50-BB27-7E5575106D60}.Release|Any CPU.Build.0 = Release|Any CPU
		{263EE777-C2AC-40B6-B378-CB4028FAFBFB}.Debug|Any CPU.ActiveCfg = Debug|Any CPU
		{263EE777-C2AC-40B6-B378-CB4028FAFBFB}.Debug|Any CPU.Build.0 = Debug|Any CPU
		{263EE777-C2AC-40B6-B378-CB4028FAFBFB}.Release|Any CPU.ActiveCfg = Release|Any CPU
		{263EE777-C2AC-40B6-B378-CB4028FAFBFB}.Release|Any CPU.Build.0 = Release|Any CPU
		{FDBC6E4E-DA12-4171-9BA2-DEDCAD1824C9}.Debug|Any CPU.ActiveCfg = Debug|Any CPU
		{FDBC6E4E-DA12-4171-9BA2-DEDCAD1824C9}.Debug|Any CPU.Build.0 = Debug|Any CPU
		{FDBC6E4E-DA12-4171-9BA2-DEDCAD1824C9}.Release|Any CPU.ActiveCfg = Release|Any CPU
		{FDBC6E4E-DA12-4171-9BA2-DEDCAD1824C9}.Release|Any CPU.Build.0 = Release|Any CPU
		{4C8C9E76-8048-4601-868C-CAD99BE5E9E9}.Debug|Any CPU.ActiveCfg = Debug|Any CPU
		{4C8C9E76-8048-4601-868C-CAD99BE5E9E9}.Debug|Any CPU.Build.0 = Debug|Any CPU
		{4C8C9E76-8048-4601-868C-CAD99BE5E9E9}.Release|Any CPU.ActiveCfg = Release|Any CPU
		{4C8C9E76-8048-4601-868C-CAD99BE5E9E9}.Release|Any CPU.Build.0 = Release|Any CPU
		{18D1C50F-58E0-4D94-B05B-4A95A146E6BB}.Debug|Any CPU.ActiveCfg = Debug|Any CPU
		{18D1C50F-58E0-4D94-B05B-4A95A146E6BB}.Debug|Any CPU.Build.0 = Debug|Any CPU
		{18D1C50F-58E0-4D94-B05B-4A95A146E6BB}.Release|Any CPU.ActiveCfg = Release|Any CPU
		{18D1C50F-58E0-4D94-B05B-4A95A146E6BB}.Release|Any CPU.Build.0 = Release|Any CPU
		{4F92627B-CEE4-4500-9708-4289BE266E56}.Debug|Any CPU.ActiveCfg = Debug|Any CPU
		{4F92627B-CEE4-4500-9708-4289BE266E56}.Debug|Any CPU.Build.0 = Debug|Any CPU
		{4F92627B-CEE4-4500-9708-4289BE266E56}.Release|Any CPU.ActiveCfg = Release|Any CPU
		{4F92627B-CEE4-4500-9708-4289BE266E56}.Release|Any CPU.Build.0 = Release|Any CPU
		{CBA5172C-0E62-47EE-8DDF-3DA4BA5D4EAF}.Debug|Any CPU.ActiveCfg = Debug|Any CPU
		{CBA5172C-0E62-47EE-8DDF-3DA4BA5D4EAF}.Debug|Any CPU.Build.0 = Debug|Any CPU
		{CBA5172C-0E62-47EE-8DDF-3DA4BA5D4EAF}.Release|Any CPU.ActiveCfg = Release|Any CPU
		{CBA5172C-0E62-47EE-8DDF-3DA4BA5D4EAF}.Release|Any CPU.Build.0 = Release|Any CPU
	EndGlobalSection
	GlobalSection(SolutionProperties) = preSolution
		HideSolutionNode = FALSE
	EndGlobalSection
	GlobalSection(ExtensibilityGlobals) = postSolution
		SolutionGuid = {B764EA2D-9616-4866-99F9-66A91B9110D0}
	EndGlobalSection
EndGlobal
